<?xml version="1.0" encoding="utf-8"?>
<Project ToolsVersion="4.0" xmlns="http://schemas.microsoft.com/developer/msbuild/2003">
  <ItemGroup>
    <Filter Include="Source Files">
      <UniqueIdentifier>{4FC737F1-C7A5-4376-A066-2A32D752A2FF}</UniqueIdentifier>
      <Extensions>cpp;c;cc;cxx;def;odl;idl;hpj;bat;asm;asmx</Extensions>
    </Filter>
    <Filter Include="Header Files">
      <UniqueIdentifier>{93995380-89BD-4b04-88EB-625FBE52EBFB}</UniqueIdentifier>
      <Extensions>h;hh;hpp;hxx;hm;inl;inc;xsd</Extensions>
    </Filter>
    <Filter Include="Resource Files">
      <UniqueIdentifier>{67DA6AB6-F800-4c08-8B7A-83BB121AAD01}</UniqueIdentifier>
      <Extensions>rc;ico;cur;bmp;dlg;rc2;rct;bin;rgs;gif;jpg;jpeg;jpe;resx;tiff;tif;png;wav;mfcribbon-ms</Extensions>
    </Filter>
    <Filter Include="Source Files\Lua">
      <UniqueIdentifier>{e2df2fae-c9fc-4b31-bace-1412ae04c90c}</UniqueIdentifier>
    </Filter>
    <Filter Include="Header Files\utf8">
      <UniqueIdentifier>{03cf1c8e-ced2-49ee-ac96-76506bb0cbe8}</UniqueIdentifier>
    </Filter>
  </ItemGroup>
  <ItemGroup>
    <Text Include="ReadMe.txt" />
  </ItemGroup>
  <ItemGroup>
    <ClCompile Include="Guitar++.cpp">
      <Filter>Source Files</Filter>
    </ClCompile>
    <ClCompile Include="GPPGame.cpp">
      <Filter>Source Files</Filter>
    </ClCompile>
    <ClCompile Include="CLuaFunctions.cpp">
      <Filter>Source Files</Filter>
    </ClCompile>
    <ClCompile Include="CLuaH.cpp">
      <Filter>Source Files</Filter>
    </ClCompile>
    <ClCompile Include="Lua\lapi.c">
      <Filter>Source Files\Lua</Filter>
    </ClCompile>
    <ClCompile Include="Lua\lauxlib.c">
      <Filter>Source Files\Lua</Filter>
    </ClCompile>
    <ClCompile Include="Lua\lbaselib.c">
      <Filter>Source Files\Lua</Filter>
    </ClCompile>
    <ClCompile Include="Lua\lbitlib.c">
      <Filter>Source Files\Lua</Filter>
    </ClCompile>
    <ClCompile Include="Lua\lcode.c">
      <Filter>Source Files\Lua</Filter>
    </ClCompile>
    <ClCompile Include="Lua\lcorolib.c">
      <Filter>Source Files\Lua</Filter>
    </ClCompile>
    <ClCompile Include="Lua\lctype.c">
      <Filter>Source Files\Lua</Filter>
    </ClCompile>
    <ClCompile Include="Lua\ldblib.c">
      <Filter>Source Files\Lua</Filter>
    </ClCompile>
    <ClCompile Include="Lua\ldebug.c">
      <Filter>Source Files\Lua</Filter>
    </ClCompile>
    <ClCompile Include="Lua\ldo.c">
      <Filter>Source Files\Lua</Filter>
    </ClCompile>
    <ClCompile Include="Lua\ldump.c">
      <Filter>Source Files\Lua</Filter>
    </ClCompile>
    <ClCompile Include="Lua\lfunc.c">
      <Filter>Source Files\Lua</Filter>
    </ClCompile>
    <ClCompile Include="Lua\lgc.c">
      <Filter>Source Files\Lua</Filter>
    </ClCompile>
    <ClCompile Include="Lua\linit.c">
      <Filter>Source Files\Lua</Filter>
    </ClCompile>
    <ClCompile Include="Lua\liolib.c">
      <Filter>Source Files\Lua</Filter>
    </ClCompile>
    <ClCompile Include="Lua\llex.c">
      <Filter>Source Files\Lua</Filter>
    </ClCompile>
    <ClCompile Include="Lua\lmathlib.c">
      <Filter>Source Files\Lua</Filter>
    </ClCompile>
    <ClCompile Include="Lua\lmem.c">
      <Filter>Source Files\Lua</Filter>
    </ClCompile>
    <ClCompile Include="Lua\loadlib.c">
      <Filter>Source Files\Lua</Filter>
    </ClCompile>
    <ClCompile Include="Lua\lobject.c">
      <Filter>Source Files\Lua</Filter>
    </ClCompile>
    <ClCompile Include="Lua\lopcodes.c">
      <Filter>Source Files\Lua</Filter>
    </ClCompile>
    <ClCompile Include="Lua\loslib.c">
      <Filter>Source Files\Lua</Filter>
    </ClCompile>
    <ClCompile Include="Lua\lparser.c">
      <Filter>Source Files\Lua</Filter>
    </ClCompile>
    <ClCompile Include="Lua\lstate.c">
      <Filter>Source Files\Lua</Filter>
    </ClCompile>
    <ClCompile Include="Lua\lstring.c">
      <Filter>Source Files\Lua</Filter>
    </ClCompile>
    <ClCompile Include="Lua\lstrlib.c">
      <Filter>Source Files\Lua</Filter>
    </ClCompile>
    <ClCompile Include="Lua\ltable.c">
      <Filter>Source Files\Lua</Filter>
    </ClCompile>
    <ClCompile Include="Lua\ltablib.c">
      <Filter>Source Files\Lua</Filter>
    </ClCompile>
    <ClCompile Include="Lua\ltm.c">
      <Filter>Source Files\Lua</Filter>
    </ClCompile>
    <ClCompile Include="Lua\lua.c">
      <Filter>Source Files\Lua</Filter>
    </ClCompile>
    <ClCompile Include="Lua\luac.c">
      <Filter>Source Files\Lua</Filter>
    </ClCompile>
    <ClCompile Include="Lua\lundump.c">
      <Filter>Source Files\Lua</Filter>
    </ClCompile>
    <ClCompile Include="Lua\lvm.c">
      <Filter>Source Files\Lua</Filter>
    </ClCompile>
    <ClCompile Include="Lua\lzio.c">
      <Filter>Source Files\Lua</Filter>
    </ClCompile>
    <ClCompile Include="CEngine.cpp">
      <Filter>Source Files</Filter>
    </ClCompile>
    <ClCompile Include="tga.cpp">
      <Filter>Source Files</Filter>
    </ClCompile>
    <ClCompile Include="CFonts.cpp">
      <Filter>Source Files</Filter>
    </ClCompile>
    <ClCompile Include="CLog.cpp">
      <Filter>Source Files</Filter>
    </ClCompile>
    <ClCompile Include="exception.cpp">
      <Filter>Source Files</Filter>
    </ClCompile>
    <ClCompile Include="CMenu.cpp">
      <Filter>Source Files</Filter>
    </ClCompile>
    <ClCompile Include="CPlayer.cpp">
      <Filter>Source Files</Filter>
    </ClCompile>
    <ClCompile Include="CText.cpp">
      <Filter>Source Files</Filter>
    </ClCompile>
    <ClCompile Include="CGamePlay.cpp">
      <Filter>Source Files</Filter>
    </ClCompile>
    <ClCompile Include="CControls.cpp">
      <Filter>Source Files</Filter>
    </ClCompile>
    <ClCompile Include="Lua\lutf8lib.c">
      <Filter>Source Files\Lua</Filter>
    </ClCompile>
    <ClCompile Include="objloader.cpp">
      <Filter>Source Files</Filter>
    </ClCompile>
    <ClCompile Include="GPPOBJ.cpp">
      <Filter>Source Files</Filter>
    </ClCompile>
  </ItemGroup>
  <ItemGroup>
    <ClInclude Include="GPPGame.h">
      <Filter>Header Files</Filter>
    </ClInclude>
    <ClInclude Include="CLuaFunctions.hpp">
      <Filter>Header Files</Filter>
    </ClInclude>
    <ClInclude Include="CLuaH.hpp">
      <Filter>Header Files</Filter>
    </ClInclude>
    <ClInclude Include="CEngine.h">
      <Filter>Header Files</Filter>
    </ClInclude>
    <ClInclude Include="internal.h">
      <Filter>Header Files</Filter>
    </ClInclude>
    <ClInclude Include="CFonts.h">
      <Filter>Header Files</Filter>
    </ClInclude>
    <ClInclude Include="CLog.h">
      <Filter>Header Files</Filter>
    </ClInclude>
    <ClInclude Include="CMenu.h">
      <Filter>Header Files</Filter>
    </ClInclude>
    <ClInclude Include="CPlayer.h">
      <Filter>Header Files</Filter>
    </ClInclude>
    <ClInclude Include="CText.h">
      <Filter>Header Files</Filter>
    </ClInclude>
    <ClInclude Include="utf8.h">
      <Filter>Header Files</Filter>
    </ClInclude>
    <ClInclude Include="utf8\checked.h">
      <Filter>Header Files\utf8</Filter>
    </ClInclude>
    <ClInclude Include="utf8\core.h">
      <Filter>Header Files\utf8</Filter>
    </ClInclude>
    <ClInclude Include="utf8\unchecked.h">
      <Filter>Header Files\utf8</Filter>
    </ClInclude>
    <ClInclude Include="CGamePlay.h">
      <Filter>Header Files</Filter>
    </ClInclude>
    <ClInclude Include="CControls.h">
      <Filter>Header Files</Filter>
    </ClInclude>
    <ClInclude Include="objloader.hpp">
      <Filter>Header Files</Filter>
    </ClInclude>
    <ClInclude Include="GPPOBJ.h">
      <Filter>Header Files</Filter>
    </ClInclude>
  </ItemGroup>
</Project>